// !$*UTF8*$!
{
	archiveVersion = 1;
	classes = {
	};
	objectVersion = 50;
	objects = {

/* Begin PBXBuildFile section */
		99496D892907DD68003463FB /* ToDoView.swift in Sources */ = {isa = PBXBuildFile; fileRef = 99496D882907DD68003463FB /* ToDoView.swift */; };
		995B90EF2902A28900AD5DC7 /* _cardSwiftUIApp.swift in Sources */ = {isa = PBXBuildFile; fileRef = 995B90EE2902A28900AD5DC7 /* _cardSwiftUIApp.swift */; };
		995B90F12902A28900AD5DC7 /* ContentView.swift in Sources */ = {isa = PBXBuildFile; fileRef = 995B90F02902A28900AD5DC7 /* ContentView.swift */; };
		995B90F32902A28A00AD5DC7 /* Assets.xcassets in Resources */ = {isa = PBXBuildFile; fileRef = 995B90F22902A28A00AD5DC7 /* Assets.xcassets */; };
		995B90F62902A28A00AD5DC7 /* Preview Assets.xcassets in Resources */ = {isa = PBXBuildFile; fileRef = 995B90F52902A28A00AD5DC7 /* Preview Assets.xcassets */; };
		99ED280C2906BE5000BCB108 /* SecondContentView.swift in Sources */ = {isa = PBXBuildFile; fileRef = 99ED280B2906BE5000BCB108 /* SecondContentView.swift */; };
		99ED28102906C14B00BCB108 /* ViewModelToDo.swift in Sources */ = {isa = PBXBuildFile; fileRef = 99ED280F2906C14B00BCB108 /* ViewModelToDo.swift */; };
/* End PBXBuildFile section */

/* Begin PBXFileReference section */
		99496D882907DD68003463FB /* ToDoView.swift */ = {isa = PBXFileReference; lastKnownFileType = sourcecode.swift; path = ToDoView.swift; sourceTree = "<group>"; };
		995B90EB2902A28900AD5DC7 /* 3cardSwiftUI.app */ = {isa = PBXFileReference; explicitFileType = wrapper.application; includeInIndex = 0; path = 3cardSwiftUI.app; sourceTree = BUILT_PRODUCTS_DIR; };
		995B90EE2902A28900AD5DC7 /* _cardSwiftUIApp.swift */ = {isa = PBXFileReference; lastKnownFileType = sourcecode.swift; path = _cardSwiftUIApp.swift; sourceTree = "<group>"; };
		995B90F02902A28900AD5DC7 /* ContentView.swift */ = {isa = PBXFileReference; lastKnownFileType = sourcecode.swift; path = ContentView.swift; sourceTree = "<group>"; };
		995B90F22902A28A00AD5DC7 /* Assets.xcassets */ = {isa = PBXFileReference; lastKnownFileType = folder.assetcatalog; path = Assets.xcassets; sourceTree = "<group>"; };
		995B90F52902A28A00AD5DC7 /* Preview Assets.xcassets */ = {isa = PBXFileReference; lastKnownFileType = folder.assetcatalog; path = "Preview Assets.xcassets"; sourceTree = "<group>"; };
		995B90F72902A28A00AD5DC7 /* Info.plist */ = {isa = PBXFileReference; lastKnownFileType = text.plist.xml; path = Info.plist; sourceTree = "<group>"; };
		99ED280B2906BE5000BCB108 /* SecondContentView.swift */ = {isa = PBXFileReference; lastKnownFileType = sourcecode.swift; path = SecondContentView.swift; sourceTree = "<group>"; };
		99ED280F2906C14B00BCB108 /* ViewModelToDo.swift */ = {isa = PBXFileReference; lastKnownFileType = sourcecode.swift; path = ViewModelToDo.swift; sourceTree = "<group>"; };
/* End PBXFileReference section */

/* Begin PBXFrameworksBuildPhase section */
		995B90E82902A28900AD5DC7 /* Frameworks */ = {
			isa = PBXFrameworksBuildPhase;
			buildActionMask = 2147483647;
			files = (
			);
			runOnlyForDeploymentPostprocessing = 0;
		};
/* End PBXFrameworksBuildPhase section */

/* Begin PBXGroup section */
		99496D832907DB7C003463FB /* Model */ = {
			isa = PBXGroup;
			children = (
			);
			path = Model;
			sourceTree = "<group>";
		};
		995B90E22902A28900AD5DC7 = {
			isa = PBXGroup;
			children = (
				995B90ED2902A28900AD5DC7 /* 3cardSwiftUI */,
				995B90EC2902A28900AD5DC7 /* Products */,
			);
			sourceTree = "<group>";
		};
		995B90EC2902A28900AD5DC7 /* Products */ = {
			isa = PBXGroup;
			children = (
				995B90EB2902A28900AD5DC7 /* 3cardSwiftUI.app */,
			);
			name = Products;
			sourceTree = "<group>";
		};
		995B90ED2902A28900AD5DC7 /* 3cardSwiftUI */ = {
			isa = PBXGroup;
			children = (
				995B90EE2902A28900AD5DC7 /* _cardSwiftUIApp.swift */,
				995B90F02902A28900AD5DC7 /* ContentView.swift */,
				99496D882907DD68003463FB /* ToDoView.swift */,
				99ED280B2906BE5000BCB108 /* SecondContentView.swift */,
				99ED280F2906C14B00BCB108 /* ViewModelToDo.swift */,
				99E7B9012912920500626743 /* Views */,
				99E7B900291291EC00626743 /* ViewModel */,
				99496D832907DB7C003463FB /* Model */,
				995B90F22902A28A00AD5DC7 /* Assets.xcassets */,
				995B90F72902A28A00AD5DC7 /* Info.plist */,
				995B90F42902A28A00AD5DC7 /* Preview Content */,
			);
			path = 3cardSwiftUI;
			sourceTree = "<group>";
		};
		995B90F42902A28A00AD5DC7 /* Preview Content */ = {
			isa = PBXGroup;
			children = (
				995B90F52902A28A00AD5DC7 /* Preview Assets.xcassets */,
			);
			path = "Preview Content";
			sourceTree = "<group>";
		};
		99E7B900291291EC00626743 /* ViewModel */ = {
			isa = PBXGroup;
			children = (
			);
			path = ViewModel;
			sourceTree = "<group>";
		};
		99E7B9012912920500626743 /* Views */ = {
			isa = PBXGroup;
			children = (
			);
			path = Views;
			sourceTree = "<group>";
		};
/* End PBXGroup section */

/* Begin PBXNativeTarget section */
		995B90EA2902A28900AD5DC7 /* 3cardSwiftUI */ = {
			isa = PBXNativeTarget;
			buildConfigurationList = 995B90FA2902A28A00AD5DC7 /* Build configuration list for PBXNativeTarget "3cardSwiftUI" */;
			buildPhases = (
				995B90E72902A28900AD5DC7 /* Sources */,
				995B90E82902A28900AD5DC7 /* Frameworks */,
				995B90E92902A28900AD5DC7 /* Resources */,
			);
			buildRules = (
			);
			dependencies = (
			);
			name = 3cardSwiftUI;
			productName = 3cardSwiftUI;
			productReference = 995B90EB2902A28900AD5DC7 /* 3cardSwiftUI.app */;
			productType = "com.apple.product-type.application";
		};
/* End PBXNativeTarget section */

/* Begin PBXProject section */
		995B90E32902A28900AD5DC7 /* Project object */ = {
			isa = PBXProject;
			attributes = {
				LastSwiftUpdateCheck = 1240;
				LastUpgradeCheck = 1240;
				TargetAttributes = {
					995B90EA2902A28900AD5DC7 = {
						CreatedOnToolsVersion = 12.4;
					};
				};
			};
			buildConfigurationList = 995B90E62902A28900AD5DC7 /* Build configuration list for PBXProject "3cardSwiftUI" */;
			compatibilityVersion = "Xcode 9.3";
			developmentRegion = en;
			hasScannedForEncodings = 0;
			knownRegions = (
				en,
				Base,
			);
			mainGroup = 995B90E22902A28900AD5DC7;
			productRefGroup = 995B90EC2902A28900AD5DC7 /* Products */;
			projectDirPath = "";
			projectRoot = "";
			targets = (
				995B90EA2902A28900AD5DC7 /* 3cardSwiftUI */,
			);
		};
/* End PBXProject section */

/* Begin PBXResourcesBuildPhase section */
		995B90E92902A28900AD5DC7 /* Resources */ = {
			isa = PBXResourcesBuildPhase;
			buildActionMask = 2147483647;
			files = (
				995B90F62902A28A00AD5DC7 /* Preview Assets.xcassets in Resources */,
				995B90F32902A28A00AD5DC7 /* Assets.xcassets in Resources */,
			);
			runOnlyForDeploymentPostprocessing = 0;
		};
/* End PBXResourcesBuildPhase section */

/* Begin PBXSourcesBuildPhase section */
		995B90E72902A28900AD5DC7 /* Sources */ = {
			isa = PBXSourcesBuildPhase;
			buildActionMask = 2147483647;
			files = (
				99ED28102906C14B00BCB108 /* ViewModelToDo.swift in Sources */,
				995B90F12902A28900AD5DC7 /* ContentView.swift in Sources */,
				99ED280C2906BE5000BCB108 /* SecondContentView.swift in Sources */,
				99496D892907DD68003463FB /* ToDoView.swift in Sources */,
				995B90EF2902A28900AD5DC7 /* _cardSwiftUIApp.swift in Sources */,
			);
			runOnlyForDeploymentPostprocessing = 0;
		};
/* End PBXSourcesBuildPhase section */

/* Begin XCBuildConfiguration section */
		995B90F82902A28A00AD5DC7 /* Debug */ = {
			isa = XCBuildConfiguration;
			buildSettings = {
				ALWAYS_SEARCH_USER_PATHS = NO;
				CLANG_ANALYZER_NONNULL = YES;
				CLANG_ANALYZER_NUMBER_OBJECT_CONVERSION = YES_AGGRESSIVE;
				CLANG_CXX_LANGUAGE_STANDARD = "gnu++14";
				CLANG_CXX_LIBRARY = "libc++";
				CLANG_ENABLE_MODULES = YES;
				CLANG_ENABLE_OBJC_ARC = YES;
				CLANG_ENABLE_OBJC_WEAK = YES;
				CLANG_WARN_BLOCK_CAPTURE_AUTORELEASING = YES;
				CLANG_WARN_BOOL_CONVERSION = YES;
				CLANG_WARN_COMMA = YES;
				CLANG_WARN_CONSTANT_CONVERSION = YES;
				CLANG_WARN_DEPRECATED_OBJC_IMPLEMENTATIONS = YES;
				CLANG_WARN_DIRECT_OBJC_ISA_USAGE = YES_ERROR;
				CLANG_WARN_DOCUMENTATION_COMMENTS = YES;
				CLANG_WARN_EMPTY_BODY = YES;
				CLANG_WARN_ENUM_CONVERSION = YES;
				CLANG_WARN_INFINITE_RECURSION = YES;
				CLANG_WARN_INT_CONVERSION = YES;
				CLANG_WARN_NON_LITERAL_NULL_CONVERSION = YES;
				CLANG_WARN_OBJC_IMPLICIT_RETAIN_SELF = YES;
				CLANG_WARN_OBJC_LITERAL_CONVERSION = YES;
				CLANG_WARN_OBJC_ROOT_CLASS = YES_ERROR;
				CLANG_WARN_QUOTED_INCLUDE_IN_FRAMEWORK_HEADER = YES;
				CLANG_WARN_RANGE_LOOP_ANALYSIS = YES;
				CLANG_WARN_STRICT_PROTOTYPES = YES;
				CLANG_WARN_SUSPICIOUS_MOVE = YES;
				CLANG_WARN_UNGUARDED_AVAILABILITY = YES_AGGRESSIVE;
				CLANG_WARN_UNREACHABLE_CODE = YES;
				CLANG_WARN__DUPLICATE_METHOD_MATCH = YES;
				COPY_PHASE_STRIP = NO;
				DEBUG_INFORMATION_FORMAT = dwarf;
				ENABLE_STRICT_OBJC_MSGSEND = YES;
				ENABLE_TESTABILITY = YES;
				GCC_C_LANGUAGE_STANDARD = gnu11;
				GCC_DYNAMIC_NO_PIC = NO;
				GCC_NO_COMMON_BLOCKS = YES;
				GCC_OPTIMIZATION_LEVEL = 0;
				GCC_PREPROCESSOR_DEFINITIONS = (
					"DEBUG=1",
					"$(inherited)",
				);
				GCC_WARN_64_TO_32_BIT_CONVERSION = YES;
				GCC_WARN_ABOUT_RETURN_TYPE = YES_ERROR;
				GCC_WARN_UNDECLARED_SELECTOR = YES;
				GCC_WARN_UNINITIALIZED_AUTOS = YES_AGGRESSIVE;
				GCC_WARN_UNUSED_FUNCTION = YES;
				GCC_WARN_UNUSED_VARIABLE = YES;
				IPHONEOS_DEPLOYMENT_TARGET = 14.4;
				MTL_ENABLE_DEBUG_INFO = INCLUDE_SOURCE;
				MTL_FAST_MATH = YES;
				ONLY_ACTIVE_ARCH = YES;
				SDKROOT = iphoneos;
				SWIFT_ACTIVE_COMPILATION_CONDITIONS = DEBUG;
				SWIFT_OPTIMIZATION_LEVEL = "-Onone";
			};
			name = Debug;
		};
		995B90F92902A28A00AD5DC7 /* Release */ = {
			isa = XCBuildConfiguration;
			buildSettings = {
				ALWAYS_SEARCH_USER_PATHS = NO;
				CLANG_ANALYZER_NONNULL = YES;
				CLANG_ANALYZER_NUMBER_OBJECT_CONVERSION = YES_AGGRESSIVE;
				CLANG_CXX_LANGUAGE_STANDARD = "gnu++14";
				CLANG_CXX_LIBRARY = "libc++";
				CLANG_ENABLE_MODULES = YES;
				CLANG_ENABLE_OBJC_ARC = YES;
				CLANG_ENABLE_OBJC_WEAK = YES;
				CLANG_WARN_BLOCK_CAPTURE_AUTORELEASING = YES;
				CLANG_WARN_BOOL_CONVERSION = YES;
				CLANG_WARN_COMMA = YES;
				CLANG_WARN_CONSTANT_CONVERSION = YES;
				CLANG_WARN_DEPRECATED_OBJC_IMPLEMENTATIONS = YES;
				CLANG_WARN_DIRECT_OBJC_ISA_USAGE = YES_ERROR;
				CLANG_WARN_DOCUMENTATION_COMMENTS = YES;
				CLANG_WARN_EMPTY_BODY = YES;
				CLANG_WARN_ENUM_CONVERSION = YES;
				CLANG_WARN_INFINITE_RECURSION = YES;
				CLANG_WARN_INT_CONVERSION = YES;
				CLANG_WARN_NON_LITERAL_NULL_CONVERSION = YES;
				CLANG_WARN_OBJC_IMPLICIT_RETAIN_SELF = YES;
				CLANG_WARN_OBJC_LITERAL_CONVERSION = YES;
				CLANG_WARN_OBJC_ROOT_CLASS = YES_ERROR;
				CLANG_WARN_QUOTED_INCLUDE_IN_FRAMEWORK_HEADER = YES;
				CLANG_WARN_RANGE_LOOP_ANALYSIS = YES;
				CLANG_WARN_STRICT_PROTOTYPES = YES;
				CLANG_WARN_SUSPICIOUS_MOVE = YES;
				CLANG_WARN_UNGUARDED_AVAILABILITY = YES_AGGRESSIVE;
				CLANG_WARN_UNREACHABLE_CODE = YES;
				CLANG_WARN__DUPLICATE_METHOD_MATCH = YES;
				COPY_PHASE_STRIP = NO;
				DEBUG_INFORMATION_FORMAT = "dwarf-with-dsym";
				ENABLE_NS_ASSERTIONS = NO;
				ENABLE_STRICT_OBJC_MSGSEND = YES;
				GCC_C_LANGUAGE_STANDARD = gnu11;
				GCC_NO_COMMON_BLOCKS = YES;
				GCC_WARN_64_TO_32_BIT_CONVERSION = YES;
				GCC_WARN_ABOUT_RETURN_TYPE = YES_ERROR;
				GCC_WARN_UNDECLARED_SELECTOR = YES;
				GCC_WARN_UNINITIALIZED_AUTOS = YES_AGGRESSIVE;
				GCC_WARN_UNUSED_FUNCTION = YES;
				GCC_WARN_UNUSED_VARIABLE = YES;
				IPHONEOS_DEPLOYMENT_TARGET = 14.4;
				MTL_ENABLE_DEBUG_INFO = NO;
				MTL_FAST_MATH = YES;
				SDKROOT = iphoneos;
				SWIFT_COMPILATION_MODE = wholemodule;
				SWIFT_OPTIMIZATION_LEVEL = "-O";
				VALIDATE_PRODUCT = YES;
			};
			name = Release;
		};
		995B90FB2902A28A00AD5DC7 /* Debug */ = {
			isa = XCBuildConfiguration;
			buildSettings = {
				ASSETCATALOG_COMPILER_APPICON_NAME = AppIcon;
				ASSETCATALOG_COMPILER_GLOBAL_ACCENT_COLOR_NAME = AccentColor;
				CODE_SIGN_STYLE = Automatic;
				DEVELOPMENT_ASSET_PATHS = "\"3cardSwiftUI/Preview Content\"";
				ENABLE_PREVIEWS = YES;
				INFOPLIST_FILE = 3cardSwiftUI/Info.plist;
				IPHONEOS_DEPLOYMENT_TARGET = 14.0;
				LD_RUNPATH_SEARCH_PATHS = (
					"$(inherited)",
					"@executable_path/Frameworks",
				);
				PRODUCT_BUNDLE_IDENTIFIER = "eyunoshev.-cardSwiftUI";
				PRODUCT_NAME = "$(TARGET_NAME)";
				SWIFT_VERSION = 5.0;
				TARGETED_DEVICE_FAMILY = "1,2";
			};
			name = Debug;
		};
		995B90FC2902A28A00AD5DC7 /* Release */ = {
			isa = XCBuildConfiguration;
			buildSettings = {
				ASSETCATALOG_COMPILER_APPICON_NAME = AppIcon;
				ASSETCATALOG_COMPILER_GLOBAL_ACCENT_COLOR_NAME = AccentColor;
				CODE_SIGN_STYLE = Automatic;
				DEVELOPMENT_ASSET_PATHS = "\"3cardSwiftUI/Preview Content\"";
				ENABLE_PREVIEWS = YES;
				INFOPLIST_FILE = 3cardSwiftUI/Info.plist;
				IPHONEOS_DEPLOYMENT_TARGET = 14.0;
				LD_RUNPATH_SEARCH_PATHS = (
					"$(inherited)",
					"@executable_path/Frameworks",
				);
				PRODUCT_BUNDLE_IDENTIFIER = "eyunoshev.-cardSwiftUI";
				PRODUCT_NAME = "$(TARGET_NAME)";
				SWIFT_VERSION = 5.0;
				TARGETED_DEVICE_FAMILY = "1,2";
			};
			name = Release;
		};
/* End XCBuildConfiguration section */

/* Begin XCConfigurationList section */
		995B90E62902A28900AD5DC7 /* Build configuration list for PBXProject "3cardSwiftUI" */ = {
			isa = XCConfigurationList;
			buildConfigurations = (
				995B90F82902A28A00AD5DC7 /* Debug */,
				995B90F92902A28A00AD5DC7 /* Release */,
			);
			defaultConfigurationIsVisible = 0;
			defaultConfigurationName = Release;
		};
		995B90FA2902A28A00AD5DC7 /* Build configuration list for PBXNativeTarget "3cardSwiftUI" */ = {
			isa = XCConfigurationList;
			buildConfigurations = (
				995B90FB2902A28A00AD5DC7 /* Debug */,
				995B90FC2902A28A00AD5DC7 /* Release */,
			);
			defaultConfigurationIsVisible = 0;
			defaultConfigurationName = Release;
		};
/* End XCConfigurationList section */
	};
	rootObject = 995B90E32902A28900AD5DC7 /* Project object */;
}
